{
    "_readme": [
        "This file locks the dependencies of your project to a known state",
        "Read more about it at https://getcomposer.org/doc/01-basic-usage.md#composer-lock-the-lock-file",
        "This file is @generated automatically"
    ],
    "hash": "ef5fe5b46de5fda4ec9a18aa241e72d5",
    "content-hash": "3de38b459fcf3b68207084d3fc091bd7",
    "packages": [
        {
            "name": "atk4/atk4",
            "version": "4.3.0",
            "source": {
                "type": "git",
                "url": "https://github.com/atk4/atk4.git",
                "reference": "9ac0f6c8644323780244b602e06bab3703a97dc0"
            },
            "dist": {
                "type": "zip",
                "url": "https://api.github.com/repos/atk4/atk4/zipball/9ac0f6c8644323780244b602e06bab3703a97dc0",
                "reference": "9ac0f6c8644323780244b602e06bab3703a97dc0",
                "shasum": ""
            },
            "type": "library",
            "autoload": {
                "psr-0": {
                    "": "lib/"
                },
                "files": [
                    "/lib/static.php"
                ]
            },
            "notification-url": "https://packagist.org/downloads/",
            "license": [
                "MIT"
            ],
            "homepage": "https://agiletoolkit.org/",
            "keywords": [
                "atk4",
                "framework"
            ],
            "time": "2015-03-16 16:27:31"
        },
        {
            "name": "eden/array",
            "version": "4.x-dev",
            "source": {
                "type": "git",
                "url": "https://github.com/Eden-PHP/Array.git",
                "reference": "6d65e0def5b1d353bb43a97f300dd706b483cd0a"
            },
            "dist": {
                "type": "zip",
                "url": "https://api.github.com/repos/Eden-PHP/Array/zipball/6d65e0def5b1d353bb43a97f300dd706b483cd0a",
                "reference": "6d65e0def5b1d353bb43a97f300dd706b483cd0a",
                "shasum": ""
            },
            "require": {
                "eden/core": "4.*",
                "eden/string": "4.*",
                "php": ">=5.4.1"
            },
            "type": "library",
            "autoload": {
                "classmap": [
                    "src/"
                ]
            },
            "notification-url": "https://packagist.org/downloads/",
            "license": [
                "MIT"
            ],
            "authors": [
                {
                    "name": "Christian Blanquera",
                    "email": "cblanquera@openovate.com"
                }
            ],
            "description": "Autoloading, error and exception handler",
            "homepage": "http://eden-php.com",
            "keywords": [
                "eden",
                "library"
            ],
            "time": "2015-11-09 05:50:52"
        },
        {
            "name": "eden/core",
            "version": "4.x-dev",
            "source": {
                "type": "git",
                "url": "https://github.com/Eden-PHP/Core.git",
                "reference": "40ae91a6a988a77ad8c143512b4538b86110e7c4"
            },
            "dist": {
                "type": "zip",
                "url": "https://api.github.com/repos/Eden-PHP/Core/zipball/40ae91a6a988a77ad8c143512b4538b86110e7c4",
                "reference": "40ae91a6a988a77ad8c143512b4538b86110e7c4",
                "shasum": ""
            },
            "require": {
                "php": ">=5.4.1"
            },
            "type": "library",
            "autoload": {
                "psr-4": {
                    "Eden\\Core\\": "src/"
                },
                "classmap": [
                    "src/Decorator.php"
                ]
            },
            "notification-url": "https://packagist.org/downloads/",
            "license": [
                "MIT"
            ],
            "authors": [
                {
                    "name": "Christian Blanquera",
                    "email": "cblanquera@openovate.com"
                }
            ],
            "description": "Eden Core component full of secret sauce",
            "homepage": "http://eden-php.com",
            "keywords": [
                "eden",
                "library"
            ],
            "time": "2015-11-17 05:14:38"
        },
        {
            "name": "eden/file",
            "version": "4.x-dev",
            "source": {
                "type": "git",
                "url": "https://github.com/Eden-PHP/File.git",
                "reference": "c38e1e52154d10fbd6c905ae27a0b6a843189536"
            },
            "dist": {
                "type": "zip",
                "url": "https://api.github.com/repos/Eden-PHP/File/zipball/c38e1e52154d10fbd6c905ae27a0b6a843189536",
                "reference": "c38e1e52154d10fbd6c905ae27a0b6a843189536",
                "shasum": ""
            },
            "require": {
                "eden/array": "4.*",
                "eden/core": "4.*",
                "eden/path": "4.*",
                "eden/string": "4.*",
                "php": ">=5.4.1"
            },
            "type": "library",
            "autoload": {
                "psr-4": {
                    "Eden\\File\\": "src/"
                }
            },
            "notification-url": "https://packagist.org/downloads/",
            "license": [
                "MIT"
            ],
            "authors": [
                {
                    "name": "Christian Blanquera",
                    "email": "cblanquera@openovate.com"
                }
            ],
            "description": "File methods",
            "homepage": "http://eden-php.com",
            "keywords": [
                "eden",
                "library"
            ],
            "time": "2015-11-13 10:09:45"
        },
        {
            "name": "eden/mail",
            "version": "4.x-dev",
            "source": {
                "type": "git",
                "url": "https://github.com/Eden-PHP/Mail.git",
                "reference": "141eb79f705846917a8f94516a0d824ec737d5b9"
            },
            "dist": {
                "type": "zip",
                "url": "https://api.github.com/repos/Eden-PHP/Mail/zipball/141eb79f705846917a8f94516a0d824ec737d5b9",
                "reference": "141eb79f705846917a8f94516a0d824ec737d5b9",
                "shasum": ""
            },
            "require": {
                "eden/array": "4.*",
                "eden/core": "4.*",
                "eden/file": "4.*",
                "eden/path": "4.*",
                "eden/string": "4.*",
                "php": ">=5.4.1"
            },
            "type": "library",
            "autoload": {
                "psr-4": {
                    "Eden\\Mail\\": "src/"
                }
            },
            "notification-url": "https://packagist.org/downloads/",
            "license": [
                "MIT"
            ],
            "authors": [
                {
                    "name": "Christian Blanquera",
                    "email": "cblanquera@openovate.com"
                }
            ],
            "description": "Eden POP3, IMAP and SMTP component",
            "homepage": "http://eden-php.com",
            "keywords": [
                "eden",
                "library"
            ],
            "time": "2015-10-13 03:16:09"
        },
        {
            "name": "eden/path",
            "version": "4.x-dev",
            "source": {
                "type": "git",
                "url": "https://github.com/Eden-PHP/Path.git",
                "reference": "c702d7b158db21968e3dc9af6c873a9adb7d574e"
            },
            "dist": {
                "type": "zip",
                "url": "https://api.github.com/repos/Eden-PHP/Path/zipball/c702d7b158db21968e3dc9af6c873a9adb7d574e",
                "reference": "c702d7b158db21968e3dc9af6c873a9adb7d574e",
                "shasum": ""
            },
            "require": {
                "eden/array": "4.*",
                "eden/core": "4.*",
                "eden/string": "4.*",
                "php": ">=5.4.1"
            },
            "type": "library",
            "autoload": {
                "psr-4": {
                    "Eden\\Path\\": "src/"
                }
            },
            "notification-url": "https://packagist.org/downloads/",
            "license": [
                "MIT"
            ],
            "authors": [
                {
                    "name": "Christian Blanquera",
                    "email": "cblanquera@openovate.com"
                }
            ],
            "description": "Path resolver",
            "homepage": "http://eden-php.com",
            "keywords": [
                "eden",
                "library"
            ],
            "time": "2015-11-13 10:10:18"
        },
        {
            "name": "eden/string",
            "version": "4.x-dev",
            "source": {
                "type": "git",
                "url": "https://github.com/Eden-PHP/String.git",
                "reference": "f66e4067bab689a4be984e53ff9804ebd699d955"
            },
            "dist": {
                "type": "zip",
                "url": "https://api.github.com/repos/Eden-PHP/String/zipball/f66e4067bab689a4be984e53ff9804ebd699d955",
                "reference": "f66e4067bab689a4be984e53ff9804ebd699d955",
                "shasum": ""
            },
            "require": {
                "eden/array": "4.*",
                "eden/core": "4.*",
                "php": ">=5.4.1"
            },
            "type": "library",
            "autoload": {
                "classmap": [
                    "src/"
                ]
            },
            "notification-url": "https://packagist.org/downloads/",
            "license": [
                "MIT"
            ],
            "authors": [
                {
                    "name": "Christian Blanquera",
                    "email": "cblanquera@openovate.com"
                }
            ],
            "description": "Autoloading, error and exception handler",
            "homepage": "http://eden-php.com",
            "keywords": [
                "eden",
                "library"
            ],
            "time": "2015-11-09 05:51:42"
        },
        {
            "name": "educoder/pest",
            "version": "1.0.0",
            "source": {
                "type": "git",
                "url": "https://github.com/educoder/pest.git",
                "reference": "7c4d24d6aafc4ebac711c73cc8797d9b1779525b"
            },
            "dist": {
                "type": "zip",
                "url": "https://api.github.com/repos/educoder/pest/zipball/7c4d24d6aafc4ebac711c73cc8797d9b1779525b",
                "reference": "7c4d24d6aafc4ebac711c73cc8797d9b1779525b",
                "shasum": ""
            },
            "require": {
                "lib-curl": "*",
                "php": ">=5.2"
            },
            "type": "library",
            "autoload": {
                "classmap": [
                    ""
                ]
            },
            "notification-url": "https://packagist.org/downloads/",
            "license": [
                "MIT"
            ],
            "authors": [
                {
                    "name": "Matt Zukowski",
                    "email": "matt@zukowski.ca"
                },
                {
                    "name": "Donald Sipe",
                    "email": "donald.sipe@gmail.com"
                }
            ],
            "description": "A proper REST client for PHP.",
            "homepage": "https://github.com/educoder/pest",
            "time": "2013-11-17 12:58:01"
        },
        {
            "name": "nette/mail",
            "version": "dev-master",
            "source": {
                "type": "git",
                "url": "https://github.com/nette/mail.git",
                "reference": "e53945342a4c765b91a7e3950e554e1c3d702f08"
            },
            "dist": {
                "type": "zip",
                "url": "https://api.github.com/repos/nette/mail/zipball/e53945342a4c765b91a7e3950e554e1c3d702f08",
                "reference": "e53945342a4c765b91a7e3950e554e1c3d702f08",
                "shasum": ""
            },
            "require": {
                "ext-iconv": "*",
                "nette/utils": "~2.2",
                "php": ">=5.6.0"
            },
            "conflict": {
                "nette/nette": "<2.2"
            },
            "require-dev": {
                "nette/di": "~2.3",
                "nette/tester": "~1.3",
                "tracy/tracy": "^2.3"
            },
            "suggest": {
                "ext-fileinfo": "to detect type of attached files"
            },
            "type": "library",
            "extra": {
                "branch-alias": {
                    "dev-master": "2.4-dev"
                }
            },
            "autoload": {
                "classmap": [
                    "src/"
                ]
            },
            "notification-url": "https://packagist.org/downloads/",
            "license": [
                "BSD-3-Clause",
                "GPL-2.0",
                "GPL-3.0"
            ],
            "authors": [
                {
                    "name": "David Grudl",
                    "homepage": "https://davidgrudl.com"
                },
                {
                    "name": "Nette Community",
                    "homepage": "https://nette.org/contributors"
                }
            ],
            "description": "Nette Mail: Sending E-mails",
            "homepage": "https://nette.org",
            "time": "2016-03-15 19:56:26"
        },
        {
            "name": "nette/utils",
            "version": "dev-master",
            "source": {
                "type": "git",
                "url": "https://github.com/nette/utils.git",
                "reference": "e8749e5417bf22b0bd999d4b49ee799a5bad5fb9"
            },
            "dist": {
                "type": "zip",
                "url": "https://api.github.com/repos/nette/utils/zipball/e8749e5417bf22b0bd999d4b49ee799a5bad5fb9",
                "reference": "e8749e5417bf22b0bd999d4b49ee799a5bad5fb9",
                "shasum": ""
            },
            "require": {
                "php": ">=5.6.0"
            },
            "conflict": {
                "nette/nette": "<2.2"
            },
            "require-dev": {
                "nette/tester": "~1.0",
                "tracy/tracy": "^2.3"
            },
            "suggest": {
                "ext-gd": "to use Image",
                "ext-iconv": "to use Strings::webalize() and toAscii()",
                "ext-intl": "for script transliteration in Strings::webalize() and toAscii()",
                "ext-mbstring": "to use Strings::lower() etc..."
            },
            "type": "library",
            "extra": {
                "branch-alias": {
                    "dev-master": "2.4-dev"
                }
            },
            "autoload": {
                "classmap": [
                    "src/"
                ]
            },
            "notification-url": "https://packagist.org/downloads/",
            "license": [
                "BSD-3-Clause",
                "GPL-2.0",
                "GPL-3.0"
            ],
            "authors": [
                {
                    "name": "David Grudl",
                    "homepage": "https://davidgrudl.com"
                },
                {
                    "name": "Nette Community",
                    "homepage": "https://nette.org/contributors"
                }
            ],
            "description": "Nette Utility Classes",
            "homepage": "https://nette.org",
            "time": "2016-03-18 12:31:51"
        },
        {
            "name": "tburry/pquery",
            "version": "dev-master",
            "source": {
                "type": "git",
                "url": "https://github.com/tburry/pquery.git",
                "reference": "872339ffd38d261c4417ea1855428b1b4ff9abf1"
            },
            "dist": {
                "type": "zip",
                "url": "https://api.github.com/repos/tburry/pquery/zipball/872339ffd38d261c4417ea1855428b1b4ff9abf1",
                "reference": "872339ffd38d261c4417ea1855428b1b4ff9abf1",
                "shasum": ""
            },
            "require": {
                "php": ">=5.3.0"
            },
            "require-dev": {
                "htmlawed/htmlawed": "dev-master"
            },
            "type": "library",
            "autoload": {
                "classmap": [
                    "IQuery.php",
                    "gan_formatter.php",
                    "gan_node_html.php",
                    "gan_parser_html.php",
                    "gan_selector_html.php",
                    "gan_tokenizer.php",
                    "gan_xml2array.php",
                    "pQuery.php"
                ]
            },
            "notification-url": "https://packagist.org/downloads/",
            "license": [
                "LGPL-2.1"
            ],
            "authors": [
                {
                    "name": "Todd Burry",
                    "email": "todd@vanillaforums.com",
                    "role": "Developer"
                }
            ],
            "description": "A jQuery like html dom parser written in php.",
            "keywords": [
                "dom",
                "ganon",
                "php"
            ],
            "time": "2016-01-14 20:55:00"
        },
        {
            "name": "xepan/base",
            "version": "dev-master",
            "source": {
                "type": "git",
                "url": "git@github.com:xepan/base.git",
                "reference": "origin/master"
            },
            "dist": {
                "type": "zip",
                "url": "https://api.github.com/repos/xepan/base/zipball/99c1564afa179f547963c79b0f11f614ea222015",
                "reference": "99c1564afa179f547963c79b0f11f614ea222015",
                "shasum": ""
            },
            "require": {
                "atk4/atk4": ">=4.3",
                "php": ">=5.5"
            },
            "type": "library",
            "autoload": {
                "psr-0": {
                    "autocomplete": "lib"
                }
            },
            "notification-url": "https://packagist.org/downloads/",
            "license": [
                "MIT"
            ],
            "authors": [
                {
                    "name": "Xavoc Technocrats Pvt. Ltd.",
                    "email": "info@xavoc.com"
                }
            ],
            "description": "Base Appllication for xEpan Platform",
            "homepage": "https://github.com/xepan/base",
            "keywords": [
                "ERP",
                "saas",
                "xepan"
            ],
            "time": "2016-03-18 12:57:13"
        },
        {
            "name": "xepan/cms",
            "version": "dev-master",
            "source": {
                "type": "git",
                "url": "git@github.com:xepan/cms.git",
                "reference": "origin/master"
            },
            "dist": {
                "type": "zip",
                "url": "https://api.github.com/repos/xepan/cms/zipball/6b023d8989b8132ea466d9f08871d94191b9bf23",
                "reference": "6b023d8989b8132ea466d9f08871d94191b9bf23",
                "shasum": ""
            },
            "require": {
                "php": ">=5.3",
                "tburry/pquery": "dev-master",
                "xepan/base": "dev-master"
            },
            "type": "library",
            "autoload": {
                "psr-0": {
                    "autocomplete": "lib"
                }
            },
            "notification-url": "https://packagist.org/downloads/",
            "license": [
                "MIT"
            ],
            "authors": [
                {
                    "name": "Xavoc Technocrats Pvt. Ltd.",
                    "email": "info@xavoc.com"
                }
            ],
            "description": "Drag and Drop based Live editing CMS for xEpan platform frontend",
            "homepage": "https://github.com/xepan/cms",
            "keywords": [
                "ERP",
                "cms",
                "drag and drop",
                "saas",
                "xepan"
            ],
            "time": "2016-03-16 12:30:07"
        },
        {
            "name": "xepan/commerce",
            "version": "dev-master",
            "source": {
                "type": "git",
                "url": "git@github.com:xepan/commerce.git",
                "reference": "origin/master"
            },
            "dist": {
                "type": "zip",
                "url": "https://api.github.com/repos/xepan/commerce/zipball/295b45811ff34d55e194163ed77e7746371f0060",
                "reference": "295b45811ff34d55e194163ed77e7746371f0060",
                "shasum": ""
            },
            "require": {
                "php": ">=5.3",
                "xepan/base": "dev-master"
            },
            "type": "library",
            "autoload": {
                "psr-0": {
                    "autocomplete": "lib"
                }
            },
            "notification-url": "https://packagist.org/downloads/",
            "license": [
                "MIT"
            ],
            "authors": [
                {
                    "name": "Xavoc Technocrats Pvt. Ltd.",
                    "email": "info@xavoc.com"
                }
            ],
            "description": "Commerce (e-comm and offline) Application for xEpan Platform",
            "homepage": "https://github.com/xepan/commerce",
            "keywords": [
                "Digital Marketing",
                "ERP",
                "Online sales",
                "Online store",
                "e-commerce",
                "saas",
                "xepan"
            ],
            "time": "2016-03-18 08:34:37"
        },
        {
            "name": "xepan/communication",
            "version": "dev-master",
            "source": {
                "type": "git",
                "url": "git@github.com:xepan/communication.git",
                "reference": "origin/master"
            },
            "dist": {
                "type": "zip",
                "url": "https://api.github.com/repos/xepan/communication/zipball/b44ab0c29193b6a318a470649cf8672629ccf66f",
                "reference": "b44ab0c29193b6a318a470649cf8672629ccf66f",
                "shasum": ""
            },
            "require": {
                "php": ">=5.3",
                "xepan/base": "dev-master"
            },
            "type": "library",
            "autoload": {
                "psr-0": {
                    "autocomplete": "lib"
                }
            },
            "notification-url": "https://packagist.org/downloads/",
            "license": [
                "MIT"
            ],
            "authors": [
                {
                    "name": "Xavoc Technocrats Pvt. Ltd.",
                    "email": "info@xavoc.com"
                }
            ],
            "description": "Communication Layer for xEpan Platform",
            "homepage": "https://github.com/xepan/communication",
            "keywords": [
                "Communication Abstract layer",
                "ERP",
                "Social Post",
                "email",
                "saas",
                "sms",
                "xepan"
            ],
            "time": "2016-03-18 09:09:39"
        },
        {
            "name": "xepan/crm",
            "version": "dev-master",
            "source": {
                "type": "git",
                "url": "git@github.com:xepan/crm.git",
                "reference": "origin/master"
            },
            "dist": {
                "type": "zip",
                "url": "https://api.github.com/repos/xepan/crm/zipball/c255612701c9ba14eb48f2d1b2d75ca2c4e63a9c",
                "reference": "c255612701c9ba14eb48f2d1b2d75ca2c4e63a9c",
                "shasum": ""
            },
            "require": {
                "php": ">=5.3",
                "xepan/base": "dev-master"
            },
            "type": "library",
            "autoload": {
                "psr-0": {
                    "autocomplete": "lib"
                }
            },
            "notification-url": "https://packagist.org/downloads/",
            "license": [
                "MIT"
            ],
            "authors": [
                {
                    "name": "Xavoc Technocrats Pvt. Ltd.",
                    "email": "info@xavoc.com"
                }
            ],
            "description": "CRM Application for xEpan Platform",
            "homepage": "https://github.com/xepan/crm",
            "keywords": [
                "Customer Relation Management",
                "ERP",
                "Support System",
                "Ticket System",
                "crm",
                "saas",
                "xepan"
            ],
            "time": "2016-03-14 18:40:35"
        },
        {
            "name": "xepan/gd-text",
            "version": "v1.0.0",
            "source": {
                "type": "git",
                "url": "https://github.com/xepan/gd-text.git",
                "reference": "a3e561afd5a53a6a4b0c1d64ebaf51e768348a66"
            },
            "dist": {
                "type": "zip",
                "url": "https://api.github.com/repos/xepan/gd-text/zipball/a3e561afd5a53a6a4b0c1d64ebaf51e768348a66",
                "reference": "a3e561afd5a53a6a4b0c1d64ebaf51e768348a66",
                "shasum": ""
            },
            "require": {
                "ext-gd": "*",
                "php": ">=5.3"
            },
            "type": "library",
            "autoload": {
                "psr-4": {
                    "GDText\\": "src/"
                }
            },
            "notification-url": "https://packagist.org/downloads/",
            "license": [
                "MIT"
            ],
            "description": "A class drawing multiline and aligned text on pictures. Uses GD extension.",
            "time": "2015-01-02 12:21:25"
        },
        {
            "name": "xepan/hr",
            "version": "dev-master",
            "source": {
                "type": "git",
                "url": "git@github.com:xepan/hr.git",
                "reference": "origin/master"
            },
            "dist": {
                "type": "zip",
                "url": "https://api.github.com/repos/xepan/hr/zipball/8987db379b4e438815b6499da0a4a799c3dbde17",
                "reference": "8987db379b4e438815b6499da0a4a799c3dbde17",
                "shasum": ""
            },
            "require": {
                "php": ">=5.3",
                "xepan/base": "dev-master"
            },
            "type": "library",
            "autoload": {
                "psr-0": {
                    "autocomplete": "lib"
                }
            },
            "notification-url": "https://packagist.org/downloads/",
            "license": [
                "MIT"
            ],
            "authors": [
                {
                    "name": "Xavoc Technocrats Pvt. Ltd.",
                    "email": "info@xavoc.com"
                }
            ],
            "description": "HR Application for xEpan Platform",
            "homepage": "https://github.com/xepan/hr",
            "keywords": [
                "ERP",
                "Human Resource",
                "hr",
                "saas",
                "xepan"
            ],
            "time": "2016-03-18 08:31:52"
        },
        {
            "name": "xepan/marketing",
            "version": "dev-master",
            "source": {
                "type": "git",
                "url": "git@github.com:xepan/marketing.git",
                "reference": "origin/master"
            },
            "dist": {
                "type": "zip",
                "url": "https://api.github.com/repos/xepan/marketing/zipball/16a47737f0c721e5127bac028fc816d124eb2f87",
                "reference": "16a47737f0c721e5127bac028fc816d124eb2f87",
                "shasum": ""
            },
            "require": {
                "php": ">=5.3",
                "xepan/base": "dev-master"
            },
            "type": "library",
            "autoload": {
                "psr-0": {
                    "autocomplete": "lib"
                }
            },
            "notification-url": "https://packagist.org/downloads/",
            "license": [
                "MIT"
            ],
            "authors": [
                {
                    "name": "Xavoc Technocrats Pvt. Ltd.",
                    "email": "info@xavoc.com"
                }
            ],
            "description": "Marketing Application for xEpan Platform",
            "homepage": "https://github.com/xepan/marketing",
            "keywords": [
                "Digital Marketing",
                "ERP",
                "marketing",
                "saas",
                "xepan"
            ],
            "time": "2016-03-14 18:42:31"
        },
        {
            "name": "xepan/production",
            "version": "dev-master",
            "source": {
                "type": "git",
                "url": "git@github.com:xepan/production.git",
                "reference": "origin/master"
            },
            "dist": {
                "type": "zip",
                "url": "https://api.github.com/repos/xepan/production/zipball/a2b4f73654ad529b9d3da4f3f244ef72f389b915",
                "reference": "a2b4f73654ad529b9d3da4f3f244ef72f389b915",
                "shasum": ""
            },
            "require": {
                "php": ">=5.3",
                "xepan/base": "dev-master"
            },
            "type": "library",
            "autoload": {
                "psr-0": {
                    "autocomplete": "lib"
                }
            },
            "notification-url": "https://packagist.org/downloads/",
            "license": [
                "MIT"
            ],
            "authors": [
                {
                    "name": "Xavoc Technocrats Pvt. Ltd.",
                    "email": "info@xavoc.com"
                }
            ],
            "description": "Production Management Application for xEpan Platform",
            "homepage": "https://github.com/xepan/production",
            "keywords": [
                "ERP",
                "Job Management",
                "Production Management",
                "saas",
                "xepan"
            ],
            "time": "2016-03-14 18:42:51"
        }
    ],
    "packages-dev": [],
    "aliases": [],
    "minimum-stability": "dev",
    "stability-flags": {
        "xepan/base": 20,
        "xepan/hr": 20,
        "xepan/marketing": 20,
        "xepan/commerce": 20,
        "xepan/production": 20,
        "xepan/communication": 20,
        "xepan/crm": 20,
        "xepan/cms": 20
    },
    "prefer-stable": false,
    "prefer-lowest": false,
    "platform": [],
    "platform-dev": []
}
