{
    "_readme": [
        "This file locks the dependencies of your project to a known state",
        "Read more about it at https://getcomposer.org/doc/01-basic-usage.md#composer-lock-the-lock-file",
        "This file is @generated automatically"
    ],
    "hash": "e89f9a4eb9a92d45686d9e5be6900596",
    "content-hash": "1eaebc37a556381019b4d4a1d59605ed",
    "packages": [
        {
            "name": "educoder/pest",
            "version": "1.0.0",
            "source": {
                "type": "git",
                "url": "https://github.com/educoder/pest.git",
                "reference": "7c4d24d6aafc4ebac711c73cc8797d9b1779525b"
            },
            "dist": {
                "type": "zip",
                "url": "https://api.github.com/repos/educoder/pest/zipball/7c4d24d6aafc4ebac711c73cc8797d9b1779525b",
                "reference": "7c4d24d6aafc4ebac711c73cc8797d9b1779525b",
                "shasum": ""
            },
            "require": {
                "lib-curl": "*",
                "php": ">=5.2"
            },
            "type": "library",
            "autoload": {
                "classmap": [
                    ""
                ]
            },
            "notification-url": "https://packagist.org/downloads/",
            "license": [
                "MIT"
            ],
            "authors": [
                {
                    "name": "Matt Zukowski",
                    "email": "matt@zukowski.ca"
                },
                {
                    "name": "Donald Sipe",
                    "email": "donald.sipe@gmail.com"
                }
            ],
            "description": "A proper REST client for PHP.",
            "homepage": "https://github.com/educoder/pest",
            "time": "2013-11-17 12:58:01"
        },
        {
            "name": "nette/utils",
            "version": "dev-master",
            "source": {
                "type": "git",
                "url": "https://github.com/nette/utils.git",
                "reference": "a2c86f48afab41e4a68bd161aab6b14e2458ab8a"
            },
            "dist": {
                "type": "zip",
                "url": "https://api.github.com/repos/nette/utils/zipball/a2c86f48afab41e4a68bd161aab6b14e2458ab8a",
                "reference": "a2c86f48afab41e4a68bd161aab6b14e2458ab8a",
                "shasum": ""
            },
            "require": {
                "php": ">=5.6.0"
            },
            "conflict": {
                "nette/nette": "<2.2"
            },
            "require-dev": {
                "nette/tester": "~2.0",
                "tracy/tracy": "^2.3"
            },
            "suggest": {
                "ext-gd": "to use Image",
                "ext-iconv": "to use Strings::webalize() and toAscii()",
                "ext-intl": "for script transliteration in Strings::webalize() and toAscii()",
                "ext-json": "to use Nette\\Utils\\Json",
                "ext-mbstring": "to use Strings::lower() etc...",
                "ext-xml": "to use Strings::length() etc. when mbstring is not available"
            },
            "type": "library",
            "extra": {
                "branch-alias": {
                    "dev-master": "2.4-dev"
                }
            },
            "autoload": {
                "classmap": [
                    "src/"
                ]
            },
            "notification-url": "https://packagist.org/downloads/",
            "license": [
                "BSD-3-Clause",
                "GPL-2.0",
                "GPL-3.0"
            ],
            "authors": [
                {
                    "name": "David Grudl",
                    "homepage": "https://davidgrudl.com"
                },
                {
                    "name": "Nette Community",
                    "homepage": "https://nette.org/contributors"
                }
            ],
            "description": "Nette Utility Classes",
            "homepage": "https://nette.org",
            "time": "2016-09-28 17:57:14"
        },
        {
            "name": "tburry/pquery",
            "version": "dev-master",
            "source": {
                "type": "git",
                "url": "https://github.com/tburry/pquery.git",
                "reference": "c28159447f4cec57f2a016c2ec15f5b754b58052"
            },
            "dist": {
                "type": "zip",
                "url": "https://api.github.com/repos/tburry/pquery/zipball/c28159447f4cec57f2a016c2ec15f5b754b58052",
                "reference": "c28159447f4cec57f2a016c2ec15f5b754b58052",
                "shasum": ""
            },
            "require": {
                "php": ">=5.3.0"
            },
            "require-dev": {
                "htmlawed/htmlawed": "dev-master"
            },
            "type": "library",
            "autoload": {
                "classmap": [
                    "IQuery.php",
                    "gan_formatter.php",
                    "gan_node_html.php",
                    "gan_parser_html.php",
                    "gan_selector_html.php",
                    "gan_tokenizer.php",
                    "gan_xml2array.php",
                    "pQuery.php"
                ]
            },
            "notification-url": "https://packagist.org/downloads/",
            "license": [
                "LGPL-2.1"
            ],
            "authors": [
                {
                    "name": "Todd Burry",
                    "email": "todd@vanillaforums.com",
                    "role": "developer"
                }
            ],
            "description": "A jQuery like html dom parser written in php.",
            "keywords": [
                "dom",
                "ganon",
                "php"
            ],
            "time": "2016-03-23 18:57:26"
        },
        {
            "name": "xepan/accounts",
            "version": "dev-master",
            "source": {
                "type": "git",
                "url": "git@github.com:xepan/accounts.git",
                "reference": "origin/master"
            },
            "dist": {
                "type": "zip",
                "url": "https://api.github.com/repos/xepan/accounts/zipball/origin/master",
                "reference": "origin/master",
                "shasum": ""
            },
            "require": {
                "php": ">=5.3",
                "xepan/base": "dev-master"
            },
            "type": "library",
            "autoload": {
                "psr-0": {
                    "autocomplete": "lib"
                }
            },
            "notification-url": "https://packagist.org/downloads/",
            "license": [
                "MIT"
            ],
            "authors": [
                {
                    "name": "Xavoc Technocrats Pvt. Ltd.",
                    "email": "info@xavoc.com"
                }
            ],
            "description": "Accounting Application for xEpan Platform",
            "homepage": "https://github.com/xepan/accounting",
            "keywords": [
                "Accounting",
                "ERP",
                "saas",
                "xepan"
            ],
            "time": "2016-03-19 17:12:14"
        },
        {
            "name": "xepan/atk4",
            "version": "4.3.0",
            "source": {
                "type": "git",
                "url": "https://github.com/xepan/atk4.git",
                "reference": "558886b227a2a9d760a4aa5636dd344fa62def36"
            },
            "dist": {
                "type": "zip",
                "url": "https://api.github.com/repos/xepan/atk4/zipball/558886b227a2a9d760a4aa5636dd344fa62def36",
                "reference": "558886b227a2a9d760a4aa5636dd344fa62def36",
                "shasum": ""
            },
            "type": "library",
            "autoload": {
                "psr-0": {
                    "": "lib/"
                },
                "files": [
                    "/lib/static.php"
                ]
            },
            "notification-url": "https://packagist.org/downloads/",
            "license": [
                "MIT"
            ],
            "description": "fork from atk4/atk4",
            "homepage": "https://agiletoolkit.org/",
            "keywords": [
                "atk4",
                "framework"
            ],
            "time": "2016-05-28 04:40:31"
        },
        {
            "name": "xepan/base",
            "version": "dev-master",
            "source": {
                "type": "git",
                "url": "git@github.com:xepan/base.git",
                "reference": "origin/master"
            },
            "dist": {
                "type": "zip",
                "url": "https://api.github.com/repos/xepan/base/zipball/origin/master",
                "reference": "origin/master",
                "shasum": ""
            },
            "require": {
                "nette/utils": "~2.4",
                "php": ">=5.3",
                "xepan/atk4": "4.3",
                "xepan/filestore": "dev-master"
            },
            "type": "library",
            "autoload": {
                "psr-0": {
                    "autocomplete": "lib"
                }
            },
            "notification-url": "https://packagist.org/downloads/",
            "license": [
                "MIT"
            ],
            "authors": [
                {
                    "name": "Xavoc Technocrats Pvt. Ltd.",
                    "email": "info@xavoc.com"
                }
            ],
            "description": "Base Appllication for xEpan Platform",
            "homepage": "https://github.com/xepan/base",
            "keywords": [
                "ERP",
                "saas",
                "xepan"
            ],
            "time": "2016-10-13 14:50:09"
        },
        {
            "name": "xepan/blog",
            "version": "dev-master",
            "source": {
                "type": "git",
                "url": "git@github.com:xepan/blog.git",
                "reference": "origin/master"
            },
            "dist": {
                "type": "zip",
                "url": "https://api.github.com/repos/xepan/blog/zipball/origin/master",
                "reference": "origin/master",
                "shasum": ""
            },
            "require": {
                "xepan/cms": "dev-master"
            },
            "type": "library",
            "autoload": {
                "psr-0": {
                    "autocomplete": "lib"
                }
            },
            "notification-url": "https://packagist.org/downloads/",
            "license": [
                "MIT"
            ],
            "authors": [
                {
                    "name": "Xavoc Technocrats Pvt. Ltd.",
                    "email": "info@xavoc.com"
                }
            ],
            "description": "Blog Appllication for xEpan Platform",
            "homepage": "https://github.com/xepan/blog",
            "keywords": [
                "ERP",
                "blog",
                "saas",
                "xepan"
            ],
            "time": "2016-05-24 05:38:09"
        },
        {
            "name": "xepan/cms",
            "version": "dev-master",
            "source": {
                "type": "git",
                "url": "git@github.com:xepan/cms.git",
                "reference": "origin/master"
            },
            "dist": {
                "type": "zip",
                "url": "https://api.github.com/repos/xepan/cms/zipball/origin/master",
                "reference": "origin/master",
                "shasum": ""
            },
            "require": {
                "php": ">=5.3",
                "tburry/pquery": "dev-master",
                "xepan/base": "dev-master"
            },
            "type": "library",
            "autoload": {
                "psr-0": {
                    "autocomplete": "lib"
                }
            },
            "notification-url": "https://packagist.org/downloads/",
            "license": [
                "MIT"
            ],
            "authors": [
                {
                    "name": "Xavoc Technocrats Pvt. Ltd.",
                    "email": "info@xavoc.com"
                }
            ],
            "description": "Drag and Drop based Live editing CMS for xEpan platform frontend",
            "homepage": "https://github.com/xepan/cms",
            "keywords": [
                "ERP",
                "cms",
                "drag and drop",
                "saas",
                "xepan"
            ],
            "time": "2016-02-28 04:50:49"
        },
        {
            "name": "xepan/commerce",
            "version": "dev-master",
            "source": {
                "type": "git",
                "url": "git@github.com:xepan/commerce.git",
                "reference": "origin/master"
            },
            "dist": {
                "type": "zip",
                "url": "https://api.github.com/repos/xepan/commerce/zipball/origin/master",
                "reference": "origin/master",
                "shasum": ""
            },
            "require": {
                "php": ">=5.3",
                "xepan/base": "dev-master"
            },
            "type": "library",
            "autoload": {
                "psr-0": {
                    "autocomplete": "lib"
                }
            },
            "notification-url": "https://packagist.org/downloads/",
            "license": [
                "MIT"
            ],
            "authors": [
                {
                    "name": "Xavoc Technocrats Pvt. Ltd.",
                    "email": "info@xavoc.com"
                }
            ],
            "description": "Commerce (e-comm and offline) Application for xEpan Platform",
            "homepage": "https://github.com/xepan/commerce",
            "keywords": [
                "Digital Marketing",
                "ERP",
                "Online sales",
                "Online store",
                "e-commerce",
                "saas",
                "xepan"
            ],
            "time": "2016-03-15 10:37:37"
        },
        {
            "name": "xepan/communication",
            "version": "dev-master",
            "source": {
                "type": "git",
                "url": "git@github.com:xepan/communication.git",
                "reference": "origin/master"
            },
            "dist": {
                "type": "zip",
                "url": "https://api.github.com/repos/xepan/communication/zipball/origin/master",
                "reference": "origin/master",
                "shasum": ""
            },
            "require": {
                "php": ">=5.3",
                "xepan/base": "dev-master"
            },
            "type": "library",
            "autoload": {
                "psr-0": {
                    "autocomplete": "lib"
                }
            },
            "notification-url": "https://packagist.org/downloads/",
            "license": [
                "MIT"
            ],
            "authors": [
                {
                    "name": "Xavoc Technocrats Pvt. Ltd.",
                    "email": "info@xavoc.com"
                }
            ],
            "description": "Communication Layer for xEpan Platform",
            "homepage": "https://github.com/xepan/communication",
            "keywords": [
                "Communication Abstract layer",
                "ERP",
                "Social Post",
                "email",
                "saas",
                "sms",
                "xepan"
            ],
            "time": "2016-03-14 18:40:14"
        },
        {
            "name": "xepan/crm",
            "version": "dev-master",
            "source": {
                "type": "git",
                "url": "git@github.com:xepan/crm.git",
                "reference": "origin/master"
            },
            "dist": {
                "type": "zip",
                "url": "https://api.github.com/repos/xepan/crm/zipball/origin/master",
                "reference": "origin/master",
                "shasum": ""
            },
            "require": {
                "php": ">=5.3",
                "xepan/base": "dev-master"
            },
            "type": "library",
            "autoload": {
                "psr-0": {
                    "autocomplete": "lib"
                }
            },
            "notification-url": "https://packagist.org/downloads/",
            "license": [
                "MIT"
            ],
            "authors": [
                {
                    "name": "Xavoc Technocrats Pvt. Ltd.",
                    "email": "info@xavoc.com"
                }
            ],
            "description": "CRM Application for xEpan Platform",
            "homepage": "https://github.com/xepan/crm",
            "keywords": [
                "Customer Relation Management",
                "ERP",
                "Support System",
                "Ticket System",
                "crm",
                "saas",
                "xepan"
            ],
            "time": "2016-03-14 18:40:35"
        },
        {
            "name": "xepan/epanservices",
            "version": "dev-master",
            "source": {
                "type": "git",
                "url": "git@github.com:xepan/epanservices.git",
                "reference": "origin/master"
            },
            "dist": {
                "type": "zip",
                "url": "https://api.github.com/repos/xepan/epanservices/zipball/origin/master",
                "reference": "origin/master",
                "shasum": ""
            },
            "require": {
                "xepan/hr": "dev-master"
            },
            "type": "library",
            "autoload": {
                "psr-0": {
                    "autocomplete": "lib"
                }
            },
            "notification-url": "https://packagist.org/downloads/",
            "license": [
                "MIT"
            ],
            "authors": [
                {
                    "name": "Xavoc Technocrats Pvt. Ltd.",
                    "email": "info@xavoc.com"
                }
            ],
            "description": "Epan Services Management Application for xEpan Platform",
            "homepage": "https://github.com/xepan/epanservices",
            "keywords": [
                "ERP",
                "Epan",
                "Epan Services",
                "saas",
                "xepan"
            ],
            "time": "2016-05-18 05:40:42"
        },
        {
            "name": "xepan/filestore",
            "version": "dev-master",
            "source": {
                "type": "git",
                "url": "https://github.com/xepan/filestore.git",
                "reference": "73f888fcdfb5c7698caf446d7bad9ea551da02a2"
            },
            "dist": {
                "type": "zip",
                "url": "https://api.github.com/repos/xepan/filestore/zipball/73f888fcdfb5c7698caf446d7bad9ea551da02a2",
                "reference": "73f888fcdfb5c7698caf446d7bad9ea551da02a2",
                "shasum": ""
            },
            "require": {
                "php": ">=5.3",
                "xepan/atk4": "4.3"
            },
            "type": "library",
            "autoload": {
                "psr-0": {
                    "autocomplete": "lib"
                }
            },
            "notification-url": "https://packagist.org/downloads/",
            "license": [
                "MIT"
            ],
            "authors": [
                {
                    "name": "Xavoc Technocrats Pvt. Ltd.",
                    "email": "info@xavoc.com"
                }
            ],
            "description": "ATK filestore modified for xEpan Platform",
            "homepage": "https://github.com/xepan/filestore",
            "keywords": [
                "filestore",
                "saas",
                "xepan"
            ],
            "time": "2016-10-13 11:32:56"
        },
        {
            "name": "xepan/hr",
            "version": "dev-master",
            "source": {
                "type": "git",
                "url": "git@github.com:xepan/hr.git",
                "reference": "origin/master"
            },
            "dist": {
                "type": "zip",
                "url": "https://api.github.com/repos/xepan/hr/zipball/origin/master",
                "reference": "origin/master",
                "shasum": ""
            },
            "require": {
                "php": ">=5.3",
                "xepan/base": "dev-master"
            },
            "type": "library",
            "autoload": {
                "psr-0": {
                    "autocomplete": "lib"
                }
            },
            "notification-url": "https://packagist.org/downloads/",
            "license": [
                "MIT"
            ],
            "authors": [
                {
                    "name": "Xavoc Technocrats Pvt. Ltd.",
                    "email": "info@xavoc.com"
                }
            ],
            "description": "HR Application for xEpan Platform",
            "homepage": "https://github.com/xepan/hr",
            "keywords": [
                "ERP",
                "Human Resource",
                "hr",
                "saas",
                "xepan"
            ],
            "time": "2016-03-14 18:41:28"
        },
        {
            "name": "xepan/marketing",
            "version": "dev-master",
            "source": {
                "type": "git",
                "url": "git@github.com:xepan/marketing.git",
                "reference": "origin/master"
            },
            "dist": {
                "type": "zip",
                "url": "https://api.github.com/repos/xepan/marketing/zipball/origin/master",
                "reference": "origin/master",
                "shasum": ""
            },
            "require": {
                "php": ">=5.3",
                "xepan/base": "dev-master"
            },
            "type": "library",
            "autoload": {
                "psr-0": {
                    "autocomplete": "lib"
                }
            },
            "notification-url": "https://packagist.org/downloads/",
            "license": [
                "MIT"
            ],
            "authors": [
                {
                    "name": "Xavoc Technocrats Pvt. Ltd.",
                    "email": "info@xavoc.com"
                }
            ],
            "description": "Marketing Application for xEpan Platform",
            "homepage": "https://github.com/xepan/marketing",
            "keywords": [
                "Digital Marketing",
                "ERP",
                "marketing",
                "saas",
                "xepan"
            ],
            "time": "2016-10-13 17:55:58"
        },
        {
            "name": "xepan/production",
            "version": "dev-master",
            "source": {
                "type": "git",
                "url": "git@github.com:xepan/production.git",
                "reference": "origin/master"
            },
            "dist": {
                "type": "zip",
                "url": "https://api.github.com/repos/xepan/production/zipball/origin/master",
                "reference": "origin/master",
                "shasum": ""
            },
            "require": {
                "php": ">=5.3",
                "xepan/base": "dev-master"
            },
            "type": "library",
            "autoload": {
                "psr-0": {
                    "autocomplete": "lib"
                }
            },
            "notification-url": "https://packagist.org/downloads/",
            "license": [
                "MIT"
            ],
            "authors": [
                {
                    "name": "Xavoc Technocrats Pvt. Ltd.",
                    "email": "info@xavoc.com"
                }
            ],
            "description": "Production Management Application for xEpan Platform",
            "homepage": "https://github.com/xepan/production",
            "keywords": [
                "ERP",
                "Job Management",
                "Production Management",
                "saas",
                "xepan"
            ],
            "time": "2016-10-13 17:58:27"
        },
        {
            "name": "xepan/projects",
            "version": "dev-master",
            "source": {
                "type": "git",
                "url": "git@github.com:xepan/projects.git",
                "reference": "origin/master"
            },
            "dist": {
                "type": "zip",
                "url": "https://api.github.com/repos/xepan/projects/zipball/origin/master",
                "reference": "origin/master",
                "shasum": ""
            },
            "require": {
                "php": ">=5.3",
                "xepan/base": "dev-master"
            },
            "type": "library",
            "autoload": {
                "psr-0": {
                    "autocomplete": "lib"
                }
            },
            "notification-url": "https://packagist.org/downloads/",
            "license": [
                "MIT"
            ],
            "authors": [
                {
                    "name": "Xavoc Technocrats Pvt. Ltd.",
                    "email": "info@xavoc.com"
                }
            ],
            "description": "Projects and Tasks management Application for xEpan Platform",
            "homepage": "https://github.com/xepan/projects",
            "keywords": [
                "ERP",
                "Tasks",
                "projects",
                "saas",
                "xepan"
            ],
            "time": "2016-04-05 04:42:58"
        }
    ],
    "packages-dev": [],
    "aliases": [],
    "minimum-stability": "dev",
    "stability-flags": {
        "xepan/base": 20,
        "xepan/hr": 20,
        "xepan/marketing": 20,
        "xepan/commerce": 20,
        "xepan/production": 20,
        "xepan/communication": 20,
        "xepan/crm": 20,
        "xepan/cms": 20,
        "xepan/accounts": 20,
        "xepan/projects": 20,
        "xepan/blog": 20,
        "xepan/epanservices": 20
    },
    "prefer-stable": false,
    "prefer-lowest": false,
    "platform": [],
    "platform-dev": []
}
